
Microsoft Visual Studio Solution File, Format Version 12.00
# Visual Studio 15
VisualStudioVersion = 15.0.27703.2026
MinimumVisualStudioVersion = 10.0.40219.1
Project("{FAE04EC0-301F-11D3-BF4B-00C04F79EFBC}") = "OOPsReview", "OOPsReview\OOPsReview.csproj", "{FD704E47-8E45-49EC-848E-AD2C4B187B17}"
EndProject
Global
	GlobalSection(SolutionConfigurationPlatforms) = preSolution
		Debug|Any CPU = Debug|Any CPU
		Release|Any CPU = Release|Any CPU
	EndGlobalSection
	GlobalSection(ProjectConfigurationPlatforms) = postSolution
		{FD704E47-8E45-49EC-848E-AD2C4B187B17}.Debug|Any CPU.ActiveCfg = Debug|Any CPU
		{FD704E47-8E45-49EC-848E-AD2C4B187B17}.Debug|Any CPU.Build.0 = Debug|Any CPU
		{FD704E47-8E45-49EC-848E-AD2C4B187B17}.Release|Any CPU.ActiveCfg = Release|Any CPU
		{FD704E47-8E45-49EC-848E-AD2C4B187B17}.Release|Any CPU.Build.0 = Release|Any CPU
	EndGlobalSection
	GlobalSection(SolutionProperties) = preSolution
		HideSolutionNode = FALSE
	EndGlobalSection
	GlobalSection(ExtensibilityGlobals) = postSolution
		SolutionGuid = {D42FC130-BDCF-40A0-B0FF-2CC819C0113F}
	EndGlobalSection
EndGlobal
